// !$*UTF8*$!
{
	archiveVersion = 1;
	classes = {
	};
	objectVersion = 46;
	objects = {

/* Begin PBXBuildFile section */
		86805EDB1F3D0E9C00E6D953 /* AppDelegate.swift in Sources */ = {isa = PBXBuildFile; fileRef = 86805EDA1F3D0E9C00E6D953 /* AppDelegate.swift */; };
		86805EDF1F3D0E9C00E6D953 /* Assets.xcassets in Resources */ = {isa = PBXBuildFile; fileRef = 86805EDE1F3D0E9C00E6D953 /* Assets.xcassets */; };
		86805EE21F3D0E9C00E6D953 /* Main.storyboard in Resources */ = {isa = PBXBuildFile; fileRef = 86805EE01F3D0E9C00E6D953 /* Main.storyboard */; };
/* End PBXBuildFile section */

/* Begin PBXFileReference section */
		86805ED71F3D0E9C00E6D953 /* TrainTime.app */ = {isa = PBXFileReference; explicitFileType = wrapper.application; includeInIndex = 0; path = TrainTime.app; sourceTree = BUILT_PRODUCTS_DIR; };
		86805EDA1F3D0E9C00E6D953 /* AppDelegate.swift */ = {isa = PBXFileReference; lastKnownFileType = sourcecode.swift; path = AppDelegate.swift; sourceTree = "<group>"; };
		86805EDE1F3D0E9C00E6D953 /* Assets.xcassets */ = {isa = PBXFileReference; lastKnownFileType = folder.assetcatalog; path = Assets.xcassets; sourceTree = "<group>"; };
		86805EE11F3D0E9C00E6D953 /* Base */ = {isa = PBXFileReference; lastKnownFileType = file.storyboard; name = Base; path = Base.lproj/Main.storyboard; sourceTree = "<group>"; };
		86805EE31F3D0E9C00E6D953 /* Info.plist */ = {isa = PBXFileReference; lastKnownFileType = text.plist.xml; path = Info.plist; sourceTree = "<group>"; };
/* End PBXFileReference section */

/* Begin PBXFrameworksBuildPhase section */
		86805ED41F3D0E9C00E6D953 /* Frameworks */ = {
			isa = PBXFrameworksBuildPhase;
			buildActionMask = 2147483647;
			files = (
			);
			runOnlyForDeploymentPostprocessing = 0;
		};
/* End PBXFrameworksBuildPhase section */

/* Begin PBXGroup section */
		86805ECE1F3D0E9C00E6D953 = {
			isa = PBXGroup;
			children = (
				86805ED91F3D0E9C00E6D953 /* TrainTime */,
				86805ED81F3D0E9C00E6D953 /* Products */,
			);
			sourceTree = "<group>";
		};
		86805ED81F3D0E9C00E6D953 /* Products */ = {
			isa = PBXGroup;
			children = (
				86805ED71F3D0E9C00E6D953 /* TrainTime.app */,
			);
			name = Products;
			sourceTree = "<group>";
		};
		86805ED91F3D0E9C00E6D953 /* TrainTime */ = {
			isa = PBXGroup;
			children = (
				86805EDA1F3D0E9C00E6D953 /* AppDelegate.swift */,
				86805EDE1F3D0E9C00E6D953 /* Assets.xcassets */,
				86805EE01F3D0E9C00E6D953 /* Main.storyboard */,
				86805EE31F3D0E9C00E6D953 /* Info.plist */,
			);
			path = TrainTime;
			sourceTree = "<group>";
		};
/* End PBXGroup section */

/* Begin PBXNativeTarget section */
		86805ED61F3D0E9C00E6D953 /* TrainTime */ = {
			isa = PBXNativeTarget;
			buildConfigurationList = 86805EE61F3D0E9C00E6D953 /* Build configuration list for PBXNativeTarget "TrainTime" */;
			buildPhases = (
				86805ED31F3D0E9C00E6D953 /* Sources */,
				86805ED41F3D0E9C00E6D953 /* Frameworks */,
				86805ED51F3D0E9C00E6D953 /* Resources */,
			);
			buildRules = (
			);
			dependencies = (
			);
			name = TrainTime;
			productName = TrainTime;
			productReference = 86805ED71F3D0E9C00E6D953 /* TrainTime.app */;
			productType = "com.apple.product-type.application";
		};
/* End PBXNativeTarget section */

/* Begin PBXProject section */
		86805ECF1F3D0E9C00E6D953 /* Project object */ = {
			isa = PBXProject;
			attributes = {
				LastSwiftUpdateCheck = 0830;
				LastUpgradeCheck = 0830;
				ORGANIZATIONNAME = "DeKlerk, Jean";
				TargetAttributes = {
					86805ED61F3D0E9C00E6D953 = {
						CreatedOnToolsVersion = 8.3.3;
						ProvisioningStyle = Automatic;
					};
				};
			};
			buildConfigurationList = 86805ED21F3D0E9C00E6D953 /* Build configuration list for PBXProject "TrainTime" */;
			compatibilityVersion = "Xcode 3.2";
			developmentRegion = English;
			hasScannedForEncodings = 0;
			knownRegions = (
				en,
				Base,
			);
			mainGroup = 86805ECE1F3D0E9C00E6D953;
			productRefGroup = 86805ED81F3D0E9C00E6D953 /* Products */;
			projectDirPath = "";
			projectRoot = "";
			targets = (
				86805ED61F3D0E9C00E6D953 /* TrainTime */,
			);
		};
/* End PBXProject section */

/* Begin PBXResourcesBuildPhase section */
		86805ED51F3D0E9C00E6D953 /* Resources */ = {
			isa = PBXResourcesBuildPhase;
			buildActionMask = 2147483647;
			files = (
				86805EDF1F3D0E9C00E6D953 /* Assets.xcassets in Resources */,
				86805EE21F3D0E9C00E6D953 /* Main.storyboard in Resources */,
			);
			runOnlyForDeploymentPostprocessing = 0;
		};
/* End PBXResourcesBuildPhase section */

/* Begin PBXSourcesBuildPhase section */
		86805ED31F3D0E9C00E6D953 /* Sources */ = {
			isa = PBXSourcesBuildPhase;
			buildActionMask = 2147483647;
			files = (
				86805EDB1F3D0E9C00E6D953 /* AppDelegate.swift in Sources */,
			);
			runOnlyForDeploymentPostprocessing = 0;
		};
/* End PBXSourcesBuildPhase section */

/* Begin PBXVariantGroup section */
		86805EE01F3D0E9C00E6D953 /* Main.storyboard */ = {
			isa = PBXVariantGroup;
			children = (
				86805EE11F3D0E9C00E6D953 /* Base */,
			);
			name = Main.storyboard;
			sourceTree = "<group>";
		};
/* End PBXVariantGroup section */

/* Begin XCBuildConfiguration section */
		86805EE41F3D0E9C00E6D953 /* Debug */ = {
			isa = XCBuildConfiguration;
			buildSettings = {
				ALWAYS_SEARCH_USER_PATHS = NO;
				CLANG_ANALYZER_NONNULL = YES;
				CLANG_ANALYZER_NUMBER_OBJECT_CONVERSION = YES_AGGRESSIVE;
				CLANG_CXX_LANGUAGE_STANDARD = "gnu++0x";
				CLANG_CXX_LIBRARY = "libc++";
				CLANG_ENABLE_MODULES = YES;
				CLANG_ENABLE_OBJC_ARC = YES;
				CLANG_WARN_BOOL_CONVERSION = YES;
				CLANG_WARN_CONSTANT_CONVERSION = YES;
				CLANG_WARN_DIRECT_OBJC_ISA_USAGE = YES_ERROR;
				CLANG_WARN_DOCUMENTATION_COMMENTS = YES;
				CLANG_WARN_EMPTY_BODY = YES;
				CLANG_WARN_ENUM_CONVERSION = YES;
				CLANG_WARN_INFINITE_RECURSION = YES;
				CLANG_WARN_INT_CONVERSION = YES;
				CLANG_WARN_OBJC_ROOT_CLASS = YES_ERROR;
				CLANG_WARN_SUSPICIOUS_MOVE = YES;
				CLANG_WARN_UNREACHABLE_CODE = YES;
				CLANG_WARN__DUPLICATE_METHOD_MATCH = YES;
				CODE_SIGN_IDENTITY = "-";
				COPY_PHASE_STRIP = NO;
				DEBUG_INFORMATION_FORMAT = dwarf;
				ENABLE_STRICT_OBJC_MSGSEND = YES;
				ENABLE_TESTABILITY = YES;
				GCC_C_LANGUAGE_STANDARD = gnu99;
				GCC_DYNAMIC_NO_PIC = NO;
				GCC_NO_COMMON_BLOCKS = YES;
				GCC_OPTIMIZATION_LEVEL = 0;
				GCC_PREPROCESSOR_DEFINITIONS = (
					"DEBUG=1",
					"$(inherited)",
				);
				GCC_WARN_64_TO_32_BIT_CONVERSION = YES;
				GCC_WARN_ABOUT_RETURN_TYPE = YES_ERROR;
				GCC_WARN_UNDECLARED_SELECTOR = YES;
				GCC_WARN_UNINITIALIZED_AUTOS = YES_AGGRESSIVE;
				GCC_WARN_UNUSED_FUNCTION = YES;
				GCC_WARN_UNUSED_VARIABLE = YES;
				MACOSX_DEPLOYMENT_TARGET = 10.12;
				MTL_ENABLE_DEBUG_INFO = YES;
				ONLY_ACTIVE_ARCH = YES;
				SDKROOT = macosx;
				SWIFT_ACTIVE_COMPILATION_CONDITIONS = DEBUG;
				SWIFT_OPTIMIZATION_LEVEL = "-Onone";
			};
			name = Debug;
		};
		86805EE51F3D0E9C00E6D953 /* Release */ = {
			isa = XCBuildConfiguration;
			buildSettings = {
				ALWAYS_SEARCH_USER_PATHS = NO;
				CLANG_ANALYZER_NONNULL = YES;
				CLANG_ANALYZER_NUMBER_OBJECT_CONVERSION = YES_AGGRESSIVE;
				CLANG_CXX_LANGUAGE_STANDARD = "gnu++0x";
				CLANG_CXX_LIBRARY = "libc++";
				CLANG_ENABLE_MODULES = YES;
				CLANG_ENABLE_OBJC_ARC = YES;
				CLANG_WARN_BOOL_CONVERSION = YES;
				CLANG_WARN_CONSTANT_CONVERSION = YES;
				CLANG_WARN_DIRECT_OBJC_ISA_USAGE = YES_ERROR;
				CLANG_WARN_DOCUMENTATION_COMMENTS = YES;
				CLANG_WARN_EMPTY_BODY = YES;
				CLANG_WARN_ENUM_CONVERSION = YES;
				CLANG_WARN_INFINITE_RECURSION = YES;
				CLANG_WARN_INT_CONVERSION = YES;
				CLANG_WARN_OBJC_ROOT_CLASS = YES_ERROR;
				CLANG_WARN_SUSPICIOUS_MOVE = YES;
				CLANG_WARN_UNREACHABLE_CODE = YES;
				CLANG_WARN__DUPLICATE_METHOD_MATCH = YES;
				CODE_SIGN_IDENTITY = "-";
				COPY_PHASE_STRIP = NO;
				DEBUG_INFORMATION_FORMAT = "dwarf-with-dsym";
				ENABLE_NS_ASSERTIONS = NO;
				ENABLE_STRICT_OBJC_MSGSEND = YES;
				GCC_C_LANGUAGE_STANDARD = gnu99;
				GCC_NO_COMMON_BLOCKS = YES;
				GCC_WARN_64_TO_32_BIT_CONVERSION = YES;
				GCC_WARN_ABOUT_RETURN_TYPE = YES_ERROR;
				GCC_WARN_UNDECLARED_SELECTOR = YES;
				GCC_WARN_UNINITIALIZED_AUTOS = YES_AGGRESSIVE;
				GCC_WARN_UNUSED_FUNCTION = YES;
				GCC_WARN_UNUSED_VARIABLE = YES;
				MACOSX_DEPLOYMENT_TARGET = 10.12;
				MTL_ENABLE_DEBUG_INFO = NO;
				SDKROOT = macosx;
				SWIFT_OPTIMIZATION_LEVEL = "-Owholemodule";
			};
			name = Release;
		};
		86805EE71F3D0E9C00E6D953 /* Debug */ = {
			isa = XCBuildConfiguration;
			buildSettings = {
				ASSETCATALOG_COMPILER_APPICON_NAME = AppIcon;
				COMBINE_HIDPI_IMAGES = YES;
				INFOPLIST_FILE = TrainTime/Info.plist;
				LD_RUNPATH_SEARCH_PATHS = "$(inherited) @executable_path/../Frameworks";
				PRODUCT_BUNDLE_IDENTIFIER = jean.TrainTime;
				PRODUCT_NAME = "$(TARGET_NAME)";
				SWIFT_VERSION = 3.0;
			};
			name = Debug;
		};
		86805EE81F3D0E9C00E6D953 /* Release */ = {
			isa = XCBuildConfiguration;
			buildSettings = {
				ASSETCATALOG_COMPILER_APPICON_NAME = AppIcon;
				COMBINE_HIDPI_IMAGES = YES;
				INFOPLIST_FILE = TrainTime/Info.plist;
				LD_RUNPATH_SEARCH_PATHS = "$(inherited) @executable_path/../Frameworks";
				PRODUCT_BUNDLE_IDENTIFIER = jean.TrainTime;
				PRODUCT_NAME = "$(TARGET_NAME)";
				SWIFT_VERSION = 3.0;
			};
			name = Release;
		};
/* End XCBuildConfiguration section */

/* Begin XCConfigurationList section */
		86805ED21F3D0E9C00E6D953 /* Build configuration list for PBXProject "TrainTime" */ = {
			isa = XCConfigurationList;
			buildConfigurations = (
				86805EE41F3D0E9C00E6D953 /* Debug */,
				86805EE51F3D0E9C00E6D953 /* Release */,
			);
			defaultConfigurationIsVisible = 0;
			defaultConfigurationName = Release;
		};
		86805EE61F3D0E9C00E6D953 /* Build configuration list for PBXNativeTarget "TrainTime" */ = {
			isa = XCConfigurationList;
			buildConfigurations = (
				86805EE71F3D0E9C00E6D953 /* Debug */,
				86805EE81F3D0E9C00E6D953 /* Release */,
			);
			defaultConfigurationIsVisible = 0;
			defaultConfigurationName = Release;
		};
/* End XCConfigurationList section */
	};
	rootObject = 86805ECF1F3D0E9C00E6D953 /* Project object */;
}
